<?xml version="1.0" encoding="utf-8"?>
<Project ToolsVersion="4.0" xmlns="http://schemas.microsoft.com/developer/msbuild/2003">
  <ItemGroup>
    <Filter Include="ソース ファイル">
      <UniqueIdentifier>{4FC737F1-C7A5-4376-A066-2A32D752A2FF}</UniqueIdentifier>
      <Extensions>cpp;c;cc;cxx;def;odl;idl;hpj;bat;asm;asmx</Extensions>
    </Filter>
    <Filter Include="ヘッダー ファイル">
      <UniqueIdentifier>{93995380-89BD-4b04-88EB-625FBE52EBFB}</UniqueIdentifier>
      <Extensions>h;hh;hpp;hxx;hm;inl;inc;xsd</Extensions>
    </Filter>
    <Filter Include="リソース ファイル">
      <UniqueIdentifier>{67DA6AB6-F800-4c08-8B7A-83BB121AAD01}</UniqueIdentifier>
      <Extensions>rc;ico;cur;bmp;dlg;rc2;rct;bin;rgs;gif;jpg;jpeg;jpe;resx;tiff;tif;png;wav;mfcribbon-ms</Extensions>
    </Filter>
    <Filter Include="ソース ファイル\Piece">
      <UniqueIdentifier>{2f086aa7-d599-46c9-876d-a24160e5cc0a}</UniqueIdentifier>
    </Filter>
    <Filter Include="ヘッダー ファイル\Piece">
      <UniqueIdentifier>{09ff34c0-32b6-4833-9322-5862b08a330a}</UniqueIdentifier>
    </Filter>
    <Filter Include="ヘッダー ファイル\GameScene">
      <UniqueIdentifier>{2e9ee244-2460-475d-82f6-193c429233d1}</UniqueIdentifier>
    </Filter>
    <Filter Include="ソース ファイル\GameScene">
      <UniqueIdentifier>{842091b2-c9ee-4586-8948-19dbcf90cfce}</UniqueIdentifier>
    </Filter>
    <Filter Include="ヘッダー ファイル\Mouse">
      <UniqueIdentifier>{e4e421b0-ec11-4c9c-8985-690c4c9bd87e}</UniqueIdentifier>
    </Filter>
    <Filter Include="ソース ファイル\Mouse">
      <UniqueIdentifier>{c435c89d-53c4-496c-8179-02a6e39d4238}</UniqueIdentifier>
    </Filter>
  </ItemGroup>
  <ItemGroup>
    <ClCompile Include="ImageMng.cpp">
      <Filter>ソース ファイル</Filter>
    </ClCompile>
    <ClCompile Include="main.cpp">
      <Filter>ソース ファイル</Filter>
    </ClCompile>
    <ClCompile Include="Vector2.cpp">
      <Filter>ソース ファイル</Filter>
    </ClCompile>
    <ClCompile Include="GameBoard.cpp">
      <Filter>ソース ファイル</Filter>
    </ClCompile>
    <ClCompile Include="PieceState.cpp">
      <Filter>ソース ファイル\Piece</Filter>
    </ClCompile>
    <ClCompile Include="GamePiece.cpp">
      <Filter>ソース ファイル\Piece</Filter>
    </ClCompile>
    <ClCompile Include="PieceWhite.cpp">
      <Filter>ソース ファイル\Piece</Filter>
    </ClCompile>
    <ClCompile Include="PieceBlack.cpp">
      <Filter>ソース ファイル\Piece</Filter>
    </ClCompile>
    <ClCompile Include="PieceTray.cpp">
      <Filter>ソース ファイル</Filter>
    </ClCompile>
    <ClCompile Include="ResultScene.cpp">
      <Filter>ソース ファイル\GameScene</Filter>
    </ClCompile>
    <ClCompile Include="TitleScene.cpp">
      <Filter>ソース ファイル\GameScene</Filter>
    </ClCompile>
    <ClCompile Include="MainScene.cpp">
      <Filter>ソース ファイル\GameScene</Filter>
    </ClCompile>
    <ClCompile Include="SceneState.cpp">
      <Filter>ソース ファイル\GameScene</Filter>
    </ClCompile>
    <ClCompile Include="GameScene.cpp">
      <Filter>ソース ファイル\GameScene</Filter>
    </ClCompile>
    <ClCompile Include="dataTbl.cpp">
      <Filter>ソース ファイル</Filter>
    </ClCompile>
    <ClCompile Include="PieceST.cpp">
      <Filter>ソース ファイル\Piece</Filter>
    </ClCompile>
    <ClCompile Include="TypeCpu.cpp">
      <Filter>ソース ファイル\Mouse</Filter>
    </ClCompile>
    <ClCompile Include="PlayerType.cpp">
      <Filter>ソース ファイル\Mouse</Filter>
    </ClCompile>
    <ClCompile Include="TypeMan.cpp">
      <Filter>ソース ファイル\Mouse</Filter>
    </ClCompile>
    <ClCompile Include="Player.cpp">
      <Filter>ソース ファイル</Filter>
    </ClCompile>
    <ClCompile Include="MouseCtl.cpp">
      <Filter>ソース ファイル\Mouse</Filter>
    </ClCompile>
  </ItemGroup>
  <ItemGroup>
    <ClInclude Include="ImageMng.h">
      <Filter>ヘッダー ファイル</Filter>
    </ClInclude>
    <ClInclude Include="Vector2.h">
      <Filter>ヘッダー ファイル</Filter>
    </ClInclude>
    <ClInclude Include="GameBoard.h">
      <Filter>ヘッダー ファイル</Filter>
    </ClInclude>
    <ClInclude Include="GamePiece.h">
      <Filter>ヘッダー ファイル\Piece</Filter>
    </ClInclude>
    <ClInclude Include="PieceBlack.h">
      <Filter>ヘッダー ファイル\Piece</Filter>
    </ClInclude>
    <ClInclude Include="PieceWhite.h">
      <Filter>ヘッダー ファイル\Piece</Filter>
    </ClInclude>
    <ClInclude Include="PieceTray.h">
      <Filter>ヘッダー ファイル</Filter>
    </ClInclude>
    <ClInclude Include="MainScene.h">
      <Filter>ヘッダー ファイル\GameScene</Filter>
    </ClInclude>
    <ClInclude Include="ResultScene.h">
      <Filter>ヘッダー ファイル\GameScene</Filter>
    </ClInclude>
    <ClInclude Include="TitleScene.h">
      <Filter>ヘッダー ファイル\GameScene</Filter>
    </ClInclude>
    <ClInclude Include="SceneState.h">
      <Filter>ヘッダー ファイル\GameScene</Filter>
    </ClInclude>
    <ClInclude Include="GameScene.h">
      <Filter>ヘッダー ファイル\GameScene</Filter>
    </ClInclude>
    <ClInclude Include="PieceState.h">
      <Filter>ヘッダー ファイル\Piece</Filter>
    </ClInclude>
    <ClInclude Include="dataTbl.h">
      <Filter>ヘッダー ファイル</Filter>
    </ClInclude>
    <ClInclude Include="PieceST.h">
      <Filter>ヘッダー ファイル\Piece</Filter>
    </ClInclude>
    <ClInclude Include="TypeCpu.h">
      <Filter>ヘッダー ファイル\Mouse</Filter>
    </ClInclude>
    <ClInclude Include="TypeMan.h">
      <Filter>ヘッダー ファイル\Mouse</Filter>
    </ClInclude>
    <ClInclude Include="PlayerType.h">
      <Filter>ヘッダー ファイル\Mouse</Filter>
    </ClInclude>
    <ClInclude Include="Player.h">
      <Filter>ヘッダー ファイル</Filter>
    </ClInclude>
    <ClInclude Include="MouseCtl.h">
      <Filter>ヘッダー ファイル\Mouse</Filter>
    </ClInclude>
  </ItemGroup>
  <ItemGroup>
    <Text Include="メモ帳.txt" />
  </ItemGroup>
</Project>